
Microsoft Visual Studio Solution File, Format Version 12.00
# Visual Studio Version 17
VisualStudioVersion = 17.8.34330.188
MinimumVisualStudioVersion = 10.0.40219.1
Project("{FAE04EC0-301F-11D3-BF4B-00C04F79EFBC}") = "Game_Culminating_MansivA", "Game_Culminating_MansivA\Game_Culminating_MansivA.csproj", "{6F0098E2-BC3B-47C5-BB67-CDBDFACD19C3}"
EndProject
Global
	GlobalSection(SolutionConfigurationPlatforms) = preSolution
		Debug|Any CPU = Debug|Any CPU
		Release|Any CPU = Release|Any CPU
	EndGlobalSection
	GlobalSection(ProjectConfigurationPlatforms) = postSolution
		{6F0098E2-BC3B-47C5-BB67-CDBDFACD19C3}.Debug|Any CPU.ActiveCfg = Debug|Any CPU
		{6F0098E2-BC3B-47C5-BB67-CDBDFACD19C3}.Debug|Any CPU.Build.0 = Debug|Any CPU
		{6F0098E2-BC3B-47C5-BB67-CDBDFACD19C3}.Release|Any CPU.ActiveCfg = Release|Any CPU
		{6F0098E2-BC3B-47C5-BB67-CDBDFACD19C3}.Release|Any CPU.Build.0 = Release|Any CPU
	EndGlobalSection
	GlobalSection(SolutionProperties) = preSolution
		HideSolutionNode = FALSE
	EndGlobalSection
	GlobalSection(ExtensibilityGlobals) = postSolution
		SolutionGuid = {C6F7681B-8859-4157-88F0-E16436685087}
	EndGlobalSection
EndGlobal
